
Microsoft Visual Studio Solution File, Format Version 12.00
# Visual Studio 15
VisualStudioVersion = 15.0.28307.489
MinimumVisualStudioVersion = 10.0.40219.1
Project("{FAE04EC0-301F-11D3-BF4B-00C04F79EFBC}") = "hmi0807-2", "hmi0807-2\hmi0807-2.csproj", "{9779AF4E-193E-4B31-9336-752ACB7C369D}"
EndProject
Project("{FAE04EC0-301F-11D3-BF4B-00C04F79EFBC}") = "KVDrive", "KVDrive\KVDrive.csproj", "{0376A34F-64F0-4045-95EF-ECDCDFD812BA}"
EndProject
Project("{FAE04EC0-301F-11D3-BF4B-00C04F79EFBC}") = "KVControl", "KVControl\KVControl.csproj", "{42E59F1B-3111-4107-A1BA-C4ADD6D030B7}"
EndProject
Project("{FAE04EC0-301F-11D3-BF4B-00C04F79EFBC}") = "ClassLibrary1", "ClassLibrary1\ClassLibrary1.csproj", "{B9C9AA59-C502-470F-A081-C8BA72C062EE}"
EndProject
Global
	GlobalSection(SolutionConfigurationPlatforms) = preSolution
		Debug|Any CPU = Debug|Any CPU
		Release|Any CPU = Release|Any CPU
	EndGlobalSection
	GlobalSection(ProjectConfigurationPlatforms) = postSolution
		{9779AF4E-193E-4B31-9336-752ACB7C369D}.Debug|Any CPU.ActiveCfg = Debug|Any CPU
		{9779AF4E-193E-4B31-9336-752ACB7C369D}.Debug|Any CPU.Build.0 = Debug|Any CPU
		{9779AF4E-193E-4B31-9336-752ACB7C369D}.Release|Any CPU.ActiveCfg = Release|Any CPU
		{9779AF4E-193E-4B31-9336-752ACB7C369D}.Release|Any CPU.Build.0 = Release|Any CPU
		{0376A34F-64F0-4045-95EF-ECDCDFD812BA}.Debug|Any CPU.ActiveCfg = Debug|Any CPU
		{0376A34F-64F0-4045-95EF-ECDCDFD812BA}.Debug|Any CPU.Build.0 = Debug|Any CPU
		{0376A34F-64F0-4045-95EF-ECDCDFD812BA}.Release|Any CPU.ActiveCfg = Release|Any CPU
		{0376A34F-64F0-4045-95EF-ECDCDFD812BA}.Release|Any CPU.Build.0 = Release|Any CPU
		{42E59F1B-3111-4107-A1BA-C4ADD6D030B7}.Debug|Any CPU.ActiveCfg = Debug|Any CPU
		{42E59F1B-3111-4107-A1BA-C4ADD6D030B7}.Debug|Any CPU.Build.0 = Debug|Any CPU
		{42E59F1B-3111-4107-A1BA-C4ADD6D030B7}.Release|Any CPU.ActiveCfg = Release|Any CPU
		{42E59F1B-3111-4107-A1BA-C4ADD6D030B7}.Release|Any CPU.Build.0 = Release|Any CPU
		{B9C9AA59-C502-470F-A081-C8BA72C062EE}.Debug|Any CPU.ActiveCfg = Debug|Any CPU
		{B9C9AA59-C502-470F-A081-C8BA72C062EE}.Debug|Any CPU.Build.0 = Debug|Any CPU
		{B9C9AA59-C502-470F-A081-C8BA72C062EE}.Release|Any CPU.ActiveCfg = Release|Any CPU
		{B9C9AA59-C502-470F-A081-C8BA72C062EE}.Release|Any CPU.Build.0 = Release|Any CPU
	EndGlobalSection
	GlobalSection(SolutionProperties) = preSolution
		HideSolutionNode = FALSE
	EndGlobalSection
	GlobalSection(ExtensibilityGlobals) = postSolution
		SolutionGuid = {25958DB3-830D-4A25-8A8F-3B9740163DD0}
	EndGlobalSection
EndGlobal
